{
  "pins" : [
    {
      "identity" : "swift-argument-parser",
      "kind" : "remoteSourceControl",
      "location" : "https://github.com/apple/swift-argument-parser",
      "state" : {
        "branch" : "main",
        "revision" : "c61fc0f7f0b10fbbdbdc7e0b31cf1b7f8fd35ea0"
      }
    },
    {
      "identity" : "swift-format",
      "kind" : "remoteSourceControl",
      "location" : "https://github.com/anreitersimon/swift-format",
      "state" : {
        "branch" : "allow-combining-code-block-item-lists",
        "revision" : "57153088edb5ec29ec1df54905693af37bcfeee0"
      }
    },
    {
      "identity" : "swift-package-utils",
      "kind" : "remoteSourceControl",
      "location" : "https://github.com/anreitersimon/swift-package-utils",
      "state" : {
        "branch" : "main",
        "revision" : "39ff22f300658cf52dc1bd83179fb2673aa749be"
      }
    },
    {
      "identity" : "swift-snapshot-testing",
      "kind" : "remoteSourceControl",
      "location" : "https://github.com/pointfreeco/swift-snapshot-testing.git",
      "state" : {
        "revision" : "f8a9c997c3c1dab4e216a8ec9014e23144cbab37",
        "version" : "1.9.0"
      }
    },
    {
      "identity" : "swift-syntax",
      "kind" : "remoteSourceControl",
      "location" : "https://github.com/anreitersimon/swift-syntax.git",
      "state" : {
        "branch" : "allow-combining-code-block-item-lists",
        "revision" : "fb0a4eff6f11e78f1c1fb77f86edf26cb65308d8"
      }
    },
    {
      "identity" : "swift-system",
      "kind" : "remoteSourceControl",
      "location" : "https://github.com/apple/swift-system.git",
      "state" : {
        "revision" : "836bc4557b74fe6d2660218d56e3ce96aff76574",
        "version" : "1.1.1"
      }
    },
    {
      "identity" : "swift-tools-support-core",
      "kind" : "remoteSourceControl",
      "location" : "https://github.com/apple/swift-tools-support-core.git",
      "state" : {
        "branch" : "main",
        "revision" : "5ebdb4ec75fa683819080cf485e28880315e5872"
      }
    },
    {
      "identity" : "yams",
      "kind" : "remoteSourceControl",
      "location" : "https://github.com/jpsim/Yams.git",
      "state" : {
        "revision" : "01835dc202670b5bb90d07f3eae41867e9ed29f6",
        "version" : "5.0.1"
      }
    }
  ],
  "version" : 2
}
